
Microsoft Visual Studio Solution File, Format Version 12.00
# Visual Studio Version 17
VisualStudioVersion = 17.5.002.0
MinimumVisualStudioVersion = 10.0.40219.1
Project("{2150E333-8FDC-42A3-9474-1A3956D46DE8}") = "Semana4", "Semana4", "{E6DBCF25-7AF8-4354-A92D-06971893A047}"
EndProject
Project("{9A19103F-16F7-4668-BE54-9A1E7A4F7556}") = "avaliacao_Individual", "Semana4\avaliacao_Individual\avaliacao_Individual.csproj", "{D01F30E5-6975-48C8-B506-A16178C2A0DD}"
EndProject
Project("{9A19103F-16F7-4668-BE54-9A1E7A4F7556}") = "review_POO", "Semana4\review_POO\review_POO.csproj", "{51493B3D-EA88-42F4-B557-3DCCC5965D50}"
EndProject
Project("{2150E333-8FDC-42A3-9474-1A3956D46DE8}") = "Semana2", "Semana2", "{31F3F8A3-9001-40A7-89EC-30144D44A7C0}"
EndProject
Project("{9A19103F-16F7-4668-BE54-9A1E7A4F7556}") = "ToDoApp", "Semana2\ToDoApp\ToDoApp.csproj", "{36735C3D-EEB0-4DA5-BD42-9E98E9DD18B3}"
EndProject
Project("{9A19103F-16F7-4668-BE54-9A1E7A4F7556}") = "Aula2", "Semana2\Aula2\Aula2.csproj", "{5DF14202-8CBA-4EFD-8127-2ED93CD01337}"
EndProject
Project("{2150E333-8FDC-42A3-9474-1A3956D46DE8}") = "tech_med", "tech_med", "{8B4C5A3A-2853-4A0C-B4E6-6014E980F36D}"
EndProject
Project("{9A19103F-16F7-4668-BE54-9A1E7A4F7556}") = "tech_Med", "tech_med\tech_Med\tech_Med.csproj", "{162249CA-21C2-4186-BBF5-E994EEC88EBE}"
EndProject
Project("{2150E333-8FDC-42A3-9474-1A3956D46DE8}") = "Semana3", "Semana3", "{0179BEE2-C094-4AEA-B527-C6B76F24EADB}"
EndProject
Project("{9A19103F-16F7-4668-BE54-9A1E7A4F7556}") = "Pratica_P003", "Semana3\Pratica_P003\Pratica_P003.csproj", "{BD9DAB23-77D4-4066-B6E1-E6279190A439}"
EndProject
Project("{9A19103F-16F7-4668-BE54-9A1E7A4F7556}") = "ExemplosAula", "Semana3\ExemplosAula\ExemplosAula.csproj", "{767F6A61-39B5-42B5-8CCA-181379496699}"
EndProject
Project("{2150E333-8FDC-42A3-9474-1A3956D46DE8}") = "Semana1", "Semana1", "{CE0E6D3D-9D1C-44C1-ACC4-04EDC6B4954F}"
EndProject
Project("{9A19103F-16F7-4668-BE54-9A1E7A4F7556}") = "helloworld", "Semana1\helloworld\helloworld.csproj", "{FD8B276A-0C7E-452B-9824-887D5E8164B7}"
EndProject
Project("{9A19103F-16F7-4668-BE54-9A1E7A4F7556}") = "Aula1", "Semana1\Aula1\Aula1.csproj", "{674BEAE6-2656-49F2-913E-FCA31AAC93BF}"
EndProject
Project("{9A19103F-16F7-4668-BE54-9A1E7A4F7556}") = "P01_Pratica", "Semana1\P01_Pratica\P01_Pratica.csproj", "{5D06EC3E-C58F-4F3B-ABB6-8448E9D558A2}"
EndProject
Project("{2150E333-8FDC-42A3-9474-1A3956D46DE8}") = "database_Relations", "database_Relations", "{3FB89B83-5BFF-46BB-ABBE-968C7CF6FB75}"
EndProject
Project("{FAE04EC0-301F-11D3-BF4B-00C04F79EFBC}") = "db_Relations", "database_Relations\db_Relations\db_Relations.csproj", "{02B7EC1D-5F2D-42B3-9F5E-7B37D2C21514}"
EndProject
Project("{2150E333-8FDC-42A3-9474-1A3956D46DE8}") = "aula_09", "aula_09", "{F23809CA-E8DB-4C0A-B945-D9FBE9CCA9D0}"
EndProject
Project("{FAE04EC0-301F-11D3-BF4B-00C04F79EFBC}") = "Domain", "aula_09\eDomain\Domain.csproj", "{69D0E782-8657-46EF-AF90-0ED46F35E077}"
EndProject
Project("{FAE04EC0-301F-11D3-BF4B-00C04F79EFBC}") = "Infrastructure", "aula_09\Infrastructure\Infrastructure.csproj", "{BF3F505C-C5CD-4D91-902F-59E2DF765F88}"
EndProject
Global
	GlobalSection(SolutionConfigurationPlatforms) = preSolution
		Debug|Any CPU = Debug|Any CPU
		Release|Any CPU = Release|Any CPU
	EndGlobalSection
	GlobalSection(ProjectConfigurationPlatforms) = postSolution
		{D01F30E5-6975-48C8-B506-A16178C2A0DD}.Debug|Any CPU.ActiveCfg = Debug|Any CPU
		{D01F30E5-6975-48C8-B506-A16178C2A0DD}.Debug|Any CPU.Build.0 = Debug|Any CPU
		{D01F30E5-6975-48C8-B506-A16178C2A0DD}.Release|Any CPU.ActiveCfg = Release|Any CPU
		{D01F30E5-6975-48C8-B506-A16178C2A0DD}.Release|Any CPU.Build.0 = Release|Any CPU
		{51493B3D-EA88-42F4-B557-3DCCC5965D50}.Debug|Any CPU.ActiveCfg = Debug|Any CPU
		{51493B3D-EA88-42F4-B557-3DCCC5965D50}.Debug|Any CPU.Build.0 = Debug|Any CPU
		{51493B3D-EA88-42F4-B557-3DCCC5965D50}.Release|Any CPU.ActiveCfg = Release|Any CPU
		{51493B3D-EA88-42F4-B557-3DCCC5965D50}.Release|Any CPU.Build.0 = Release|Any CPU
		{36735C3D-EEB0-4DA5-BD42-9E98E9DD18B3}.Debug|Any CPU.ActiveCfg = Debug|Any CPU
		{36735C3D-EEB0-4DA5-BD42-9E98E9DD18B3}.Debug|Any CPU.Build.0 = Debug|Any CPU
		{36735C3D-EEB0-4DA5-BD42-9E98E9DD18B3}.Release|Any CPU.ActiveCfg = Release|Any CPU
		{36735C3D-EEB0-4DA5-BD42-9E98E9DD18B3}.Release|Any CPU.Build.0 = Release|Any CPU
		{5DF14202-8CBA-4EFD-8127-2ED93CD01337}.Debug|Any CPU.ActiveCfg = Debug|Any CPU
		{5DF14202-8CBA-4EFD-8127-2ED93CD01337}.Debug|Any CPU.Build.0 = Debug|Any CPU
		{5DF14202-8CBA-4EFD-8127-2ED93CD01337}.Release|Any CPU.ActiveCfg = Release|Any CPU
		{5DF14202-8CBA-4EFD-8127-2ED93CD01337}.Release|Any CPU.Build.0 = Release|Any CPU
		{162249CA-21C2-4186-BBF5-E994EEC88EBE}.Debug|Any CPU.ActiveCfg = Debug|Any CPU
		{162249CA-21C2-4186-BBF5-E994EEC88EBE}.Debug|Any CPU.Build.0 = Debug|Any CPU
		{162249CA-21C2-4186-BBF5-E994EEC88EBE}.Release|Any CPU.ActiveCfg = Release|Any CPU
		{162249CA-21C2-4186-BBF5-E994EEC88EBE}.Release|Any CPU.Build.0 = Release|Any CPU
		{BD9DAB23-77D4-4066-B6E1-E6279190A439}.Debug|Any CPU.ActiveCfg = Debug|Any CPU
		{BD9DAB23-77D4-4066-B6E1-E6279190A439}.Debug|Any CPU.Build.0 = Debug|Any CPU
		{BD9DAB23-77D4-4066-B6E1-E6279190A439}.Release|Any CPU.ActiveCfg = Release|Any CPU
		{BD9DAB23-77D4-4066-B6E1-E6279190A439}.Release|Any CPU.Build.0 = Release|Any CPU
		{767F6A61-39B5-42B5-8CCA-181379496699}.Debug|Any CPU.ActiveCfg = Debug|Any CPU
		{767F6A61-39B5-42B5-8CCA-181379496699}.Debug|Any CPU.Build.0 = Debug|Any CPU
		{767F6A61-39B5-42B5-8CCA-181379496699}.Release|Any CPU.ActiveCfg = Release|Any CPU
		{767F6A61-39B5-42B5-8CCA-181379496699}.Release|Any CPU.Build.0 = Release|Any CPU
		{FD8B276A-0C7E-452B-9824-887D5E8164B7}.Debug|Any CPU.ActiveCfg = Debug|Any CPU
		{FD8B276A-0C7E-452B-9824-887D5E8164B7}.Debug|Any CPU.Build.0 = Debug|Any CPU
		{FD8B276A-0C7E-452B-9824-887D5E8164B7}.Release|Any CPU.ActiveCfg = Release|Any CPU
		{FD8B276A-0C7E-452B-9824-887D5E8164B7}.Release|Any CPU.Build.0 = Release|Any CPU
		{674BEAE6-2656-49F2-913E-FCA31AAC93BF}.Debug|Any CPU.ActiveCfg = Debug|Any CPU
		{674BEAE6-2656-49F2-913E-FCA31AAC93BF}.Debug|Any CPU.Build.0 = Debug|Any CPU
		{674BEAE6-2656-49F2-913E-FCA31AAC93BF}.Release|Any CPU.ActiveCfg = Release|Any CPU
		{674BEAE6-2656-49F2-913E-FCA31AAC93BF}.Release|Any CPU.Build.0 = Release|Any CPU
		{5D06EC3E-C58F-4F3B-ABB6-8448E9D558A2}.Debug|Any CPU.ActiveCfg = Debug|Any CPU
		{5D06EC3E-C58F-4F3B-ABB6-8448E9D558A2}.Debug|Any CPU.Build.0 = Debug|Any CPU
		{5D06EC3E-C58F-4F3B-ABB6-8448E9D558A2}.Release|Any CPU.ActiveCfg = Release|Any CPU
		{5D06EC3E-C58F-4F3B-ABB6-8448E9D558A2}.Release|Any CPU.Build.0 = Release|Any CPU
		{02B7EC1D-5F2D-42B3-9F5E-7B37D2C21514}.Debug|Any CPU.ActiveCfg = Debug|Any CPU
		{02B7EC1D-5F2D-42B3-9F5E-7B37D2C21514}.Debug|Any CPU.Build.0 = Debug|Any CPU
		{02B7EC1D-5F2D-42B3-9F5E-7B37D2C21514}.Release|Any CPU.ActiveCfg = Release|Any CPU
		{02B7EC1D-5F2D-42B3-9F5E-7B37D2C21514}.Release|Any CPU.Build.0 = Release|Any CPU
		{69D0E782-8657-46EF-AF90-0ED46F35E077}.Debug|Any CPU.ActiveCfg = Debug|Any CPU
		{69D0E782-8657-46EF-AF90-0ED46F35E077}.Debug|Any CPU.Build.0 = Debug|Any CPU
		{69D0E782-8657-46EF-AF90-0ED46F35E077}.Release|Any CPU.ActiveCfg = Release|Any CPU
		{69D0E782-8657-46EF-AF90-0ED46F35E077}.Release|Any CPU.Build.0 = Release|Any CPU
		{BF3F505C-C5CD-4D91-902F-59E2DF765F88}.Debug|Any CPU.ActiveCfg = Debug|Any CPU
		{BF3F505C-C5CD-4D91-902F-59E2DF765F88}.Debug|Any CPU.Build.0 = Debug|Any CPU
		{BF3F505C-C5CD-4D91-902F-59E2DF765F88}.Release|Any CPU.ActiveCfg = Release|Any CPU
		{BF3F505C-C5CD-4D91-902F-59E2DF765F88}.Release|Any CPU.Build.0 = Release|Any CPU
	EndGlobalSection
	GlobalSection(SolutionProperties) = preSolution
		HideSolutionNode = FALSE
	EndGlobalSection
	GlobalSection(NestedProjects) = preSolution
		{D01F30E5-6975-48C8-B506-A16178C2A0DD} = {E6DBCF25-7AF8-4354-A92D-06971893A047}
		{51493B3D-EA88-42F4-B557-3DCCC5965D50} = {E6DBCF25-7AF8-4354-A92D-06971893A047}
		{36735C3D-EEB0-4DA5-BD42-9E98E9DD18B3} = {31F3F8A3-9001-40A7-89EC-30144D44A7C0}
		{5DF14202-8CBA-4EFD-8127-2ED93CD01337} = {31F3F8A3-9001-40A7-89EC-30144D44A7C0}
		{162249CA-21C2-4186-BBF5-E994EEC88EBE} = {8B4C5A3A-2853-4A0C-B4E6-6014E980F36D}
		{BD9DAB23-77D4-4066-B6E1-E6279190A439} = {0179BEE2-C094-4AEA-B527-C6B76F24EADB}
		{767F6A61-39B5-42B5-8CCA-181379496699} = {0179BEE2-C094-4AEA-B527-C6B76F24EADB}
		{FD8B276A-0C7E-452B-9824-887D5E8164B7} = {CE0E6D3D-9D1C-44C1-ACC4-04EDC6B4954F}
		{674BEAE6-2656-49F2-913E-FCA31AAC93BF} = {CE0E6D3D-9D1C-44C1-ACC4-04EDC6B4954F}
		{5D06EC3E-C58F-4F3B-ABB6-8448E9D558A2} = {CE0E6D3D-9D1C-44C1-ACC4-04EDC6B4954F}
		{02B7EC1D-5F2D-42B3-9F5E-7B37D2C21514} = {3FB89B83-5BFF-46BB-ABBE-968C7CF6FB75}
		{69D0E782-8657-46EF-AF90-0ED46F35E077} = {F23809CA-E8DB-4C0A-B945-D9FBE9CCA9D0}
		{BF3F505C-C5CD-4D91-902F-59E2DF765F88} = {F23809CA-E8DB-4C0A-B945-D9FBE9CCA9D0}
	EndGlobalSection
	GlobalSection(ExtensibilityGlobals) = postSolution
		SolutionGuid = {FCC4C133-60B5-4D25-84D9-CAE00B29C1EB}
	EndGlobalSection
EndGlobal
