
Microsoft Visual Studio Solution File, Format Version 12.00
# Visual Studio Version 17
VisualStudioVersion = 17.5.002.0
MinimumVisualStudioVersion = 10.0.40219.1
Project("{2150E333-8FDC-42A3-9474-1A3956D46DE8}") = "Semana2", "Semana2", "{BAAB11B9-4F39-4B62-8F84-958921B5FF6E}"
EndProject
Project("{9A19103F-16F7-4668-BE54-9A1E7A4F7556}") = "ToDoApp", "Semana2\ToDoApp\ToDoApp.csproj", "{222F052A-2E78-4D6F-ADDC-128395C35CCA}"
EndProject
Project("{9A19103F-16F7-4668-BE54-9A1E7A4F7556}") = "Aula2", "Semana2\Aula2\Aula2.csproj", "{77F10963-4233-47C0-AD37-E1C21421573C}"
EndProject
Project("{2150E333-8FDC-42A3-9474-1A3956D46DE8}") = "Semana3", "Semana3", "{F0CC7F22-9DB6-47D0-B45D-50C07C9A3740}"
EndProject
Project("{9A19103F-16F7-4668-BE54-9A1E7A4F7556}") = "Pratica_P003", "Semana3\Pratica_P003\Pratica_P003.csproj", "{FD35C3C8-15BD-4721-8F6C-37FBC3E258E7}"
EndProject
Project("{9A19103F-16F7-4668-BE54-9A1E7A4F7556}") = "ExemplosAula", "Semana3\ExemplosAula\ExemplosAula.csproj", "{2EC7793A-52E1-4971-BBE2-B7A6C8776D9E}"
EndProject
Project("{2150E333-8FDC-42A3-9474-1A3956D46DE8}") = "Semana1", "Semana1", "{CE9CB2BC-7856-4C2A-B66F-307B1006B0EF}"
EndProject
Project("{9A19103F-16F7-4668-BE54-9A1E7A4F7556}") = "helloworld", "Semana1\helloworld\helloworld.csproj", "{F7C7E9CB-1745-47D7-B49C-576BF74C9044}"
EndProject
Project("{9A19103F-16F7-4668-BE54-9A1E7A4F7556}") = "Aula1", "Semana1\Aula1\Aula1.csproj", "{8389D17C-8C7C-49CC-A659-F017219ED00D}"
EndProject
Project("{9A19103F-16F7-4668-BE54-9A1E7A4F7556}") = "P01_Pratica", "Semana1\P01_Pratica\P01_Pratica.csproj", "{7468F5FE-2E63-470C-9948-D387E873B8B5}"
EndProject
Project("{2150E333-8FDC-42A3-9474-1A3956D46DE8}") = "Semana4_1", "Semana4_1", "{39711603-5FE2-4D83-864C-48A3C7094541}"
EndProject
Project("{FAE04EC0-301F-11D3-BF4B-00C04F79EFBC}") = "review_POO", "Semana4_1\review_POO\review_POO.csproj", "{38CE16FC-4290-412B-BFE6-38FA840F6E8A}"
EndProject
Project("{FAE04EC0-301F-11D3-BF4B-00C04F79EFBC}") = "avaliacao_Individual", "Semana4_1\avaliacao_Individual\avaliacao_Individual.csproj", "{3214D83D-C76A-46C7-BF37-862ED0BC2451}"
EndProject
Global
	GlobalSection(SolutionConfigurationPlatforms) = preSolution
		Debug|Any CPU = Debug|Any CPU
		Release|Any CPU = Release|Any CPU
	EndGlobalSection
	GlobalSection(ProjectConfigurationPlatforms) = postSolution
		{222F052A-2E78-4D6F-ADDC-128395C35CCA}.Debug|Any CPU.ActiveCfg = Debug|Any CPU
		{222F052A-2E78-4D6F-ADDC-128395C35CCA}.Debug|Any CPU.Build.0 = Debug|Any CPU
		{222F052A-2E78-4D6F-ADDC-128395C35CCA}.Release|Any CPU.ActiveCfg = Release|Any CPU
		{222F052A-2E78-4D6F-ADDC-128395C35CCA}.Release|Any CPU.Build.0 = Release|Any CPU
		{77F10963-4233-47C0-AD37-E1C21421573C}.Debug|Any CPU.ActiveCfg = Debug|Any CPU
		{77F10963-4233-47C0-AD37-E1C21421573C}.Debug|Any CPU.Build.0 = Debug|Any CPU
		{77F10963-4233-47C0-AD37-E1C21421573C}.Release|Any CPU.ActiveCfg = Release|Any CPU
		{77F10963-4233-47C0-AD37-E1C21421573C}.Release|Any CPU.Build.0 = Release|Any CPU
		{FD35C3C8-15BD-4721-8F6C-37FBC3E258E7}.Debug|Any CPU.ActiveCfg = Debug|Any CPU
		{FD35C3C8-15BD-4721-8F6C-37FBC3E258E7}.Debug|Any CPU.Build.0 = Debug|Any CPU
		{FD35C3C8-15BD-4721-8F6C-37FBC3E258E7}.Release|Any CPU.ActiveCfg = Release|Any CPU
		{FD35C3C8-15BD-4721-8F6C-37FBC3E258E7}.Release|Any CPU.Build.0 = Release|Any CPU
		{2EC7793A-52E1-4971-BBE2-B7A6C8776D9E}.Debug|Any CPU.ActiveCfg = Debug|Any CPU
		{2EC7793A-52E1-4971-BBE2-B7A6C8776D9E}.Debug|Any CPU.Build.0 = Debug|Any CPU
		{2EC7793A-52E1-4971-BBE2-B7A6C8776D9E}.Release|Any CPU.ActiveCfg = Release|Any CPU
		{2EC7793A-52E1-4971-BBE2-B7A6C8776D9E}.Release|Any CPU.Build.0 = Release|Any CPU
		{F7C7E9CB-1745-47D7-B49C-576BF74C9044}.Debug|Any CPU.ActiveCfg = Debug|Any CPU
		{F7C7E9CB-1745-47D7-B49C-576BF74C9044}.Debug|Any CPU.Build.0 = Debug|Any CPU
		{F7C7E9CB-1745-47D7-B49C-576BF74C9044}.Release|Any CPU.ActiveCfg = Release|Any CPU
		{F7C7E9CB-1745-47D7-B49C-576BF74C9044}.Release|Any CPU.Build.0 = Release|Any CPU
		{8389D17C-8C7C-49CC-A659-F017219ED00D}.Debug|Any CPU.ActiveCfg = Debug|Any CPU
		{8389D17C-8C7C-49CC-A659-F017219ED00D}.Debug|Any CPU.Build.0 = Debug|Any CPU
		{8389D17C-8C7C-49CC-A659-F017219ED00D}.Release|Any CPU.ActiveCfg = Release|Any CPU
		{8389D17C-8C7C-49CC-A659-F017219ED00D}.Release|Any CPU.Build.0 = Release|Any CPU
		{7468F5FE-2E63-470C-9948-D387E873B8B5}.Debug|Any CPU.ActiveCfg = Debug|Any CPU
		{7468F5FE-2E63-470C-9948-D387E873B8B5}.Debug|Any CPU.Build.0 = Debug|Any CPU
		{7468F5FE-2E63-470C-9948-D387E873B8B5}.Release|Any CPU.ActiveCfg = Release|Any CPU
		{7468F5FE-2E63-470C-9948-D387E873B8B5}.Release|Any CPU.Build.0 = Release|Any CPU
		{38CE16FC-4290-412B-BFE6-38FA840F6E8A}.Debug|Any CPU.ActiveCfg = Debug|Any CPU
		{38CE16FC-4290-412B-BFE6-38FA840F6E8A}.Debug|Any CPU.Build.0 = Debug|Any CPU
		{38CE16FC-4290-412B-BFE6-38FA840F6E8A}.Release|Any CPU.ActiveCfg = Release|Any CPU
		{38CE16FC-4290-412B-BFE6-38FA840F6E8A}.Release|Any CPU.Build.0 = Release|Any CPU
		{3214D83D-C76A-46C7-BF37-862ED0BC2451}.Debug|Any CPU.ActiveCfg = Debug|Any CPU
		{3214D83D-C76A-46C7-BF37-862ED0BC2451}.Debug|Any CPU.Build.0 = Debug|Any CPU
		{3214D83D-C76A-46C7-BF37-862ED0BC2451}.Release|Any CPU.ActiveCfg = Release|Any CPU
		{3214D83D-C76A-46C7-BF37-862ED0BC2451}.Release|Any CPU.Build.0 = Release|Any CPU
	EndGlobalSection
	GlobalSection(SolutionProperties) = preSolution
		HideSolutionNode = FALSE
	EndGlobalSection
	GlobalSection(NestedProjects) = preSolution
		{222F052A-2E78-4D6F-ADDC-128395C35CCA} = {BAAB11B9-4F39-4B62-8F84-958921B5FF6E}
		{77F10963-4233-47C0-AD37-E1C21421573C} = {BAAB11B9-4F39-4B62-8F84-958921B5FF6E}
		{FD35C3C8-15BD-4721-8F6C-37FBC3E258E7} = {F0CC7F22-9DB6-47D0-B45D-50C07C9A3740}
		{2EC7793A-52E1-4971-BBE2-B7A6C8776D9E} = {F0CC7F22-9DB6-47D0-B45D-50C07C9A3740}
		{F7C7E9CB-1745-47D7-B49C-576BF74C9044} = {CE9CB2BC-7856-4C2A-B66F-307B1006B0EF}
		{8389D17C-8C7C-49CC-A659-F017219ED00D} = {CE9CB2BC-7856-4C2A-B66F-307B1006B0EF}
		{7468F5FE-2E63-470C-9948-D387E873B8B5} = {CE9CB2BC-7856-4C2A-B66F-307B1006B0EF}
		{38CE16FC-4290-412B-BFE6-38FA840F6E8A} = {39711603-5FE2-4D83-864C-48A3C7094541}
		{3214D83D-C76A-46C7-BF37-862ED0BC2451} = {39711603-5FE2-4D83-864C-48A3C7094541}
	EndGlobalSection
	GlobalSection(ExtensibilityGlobals) = postSolution
		SolutionGuid = {7E894562-F889-40B2-A380-3C9D0B57EEAE}
	EndGlobalSection
EndGlobal
