
Microsoft Visual Studio Solution File, Format Version 12.00
# Visual Studio Version 17
VisualStudioVersion = 17.5.002.0
MinimumVisualStudioVersion = 10.0.40219.1
Project("{9A19103F-16F7-4668-BE54-9A1E7A4F7556}") = "TechMed.WebAPI", "TechMed.WebAPI\TechMed.WebAPI.csproj", "{3A676B71-B5D4-47A1-BB05-3DBCF9714190}"
EndProject
Project("{2150E333-8FDC-42A3-9474-1A3956D46DE8}") = "DI_Database", "DI_Database", "{9FECFD3E-E7EF-4361-A2ED-30B76C9585DE}"
EndProject
Project("{9A19103F-16F7-4668-BE54-9A1E7A4F7556}") = "TechMed.WebAPI", "DI_Database\TechMed.WebAPI\TechMed.WebAPI.csproj", "{359FA721-6EDB-4F66-8F5F-543922EB6E81}"
EndProject
Project("{2150E333-8FDC-42A3-9474-1A3956D46DE8}") = "Semana4", "Semana4", "{D2E55D20-7A24-4F94-96F2-ABB0824D819D}"
EndProject
Project("{9A19103F-16F7-4668-BE54-9A1E7A4F7556}") = "avaliacao_Individual", "Semana4\avaliacao_Individual\avaliacao_Individual.csproj", "{50A7D1CB-6C8D-41D6-945B-4AC19AE105BF}"
EndProject
Project("{9A19103F-16F7-4668-BE54-9A1E7A4F7556}") = "review_POO", "Semana4\review_POO\review_POO.csproj", "{1E2FBDAE-1ECA-4DE6-8F29-B774ABB3EA55}"
EndProject
Project("{2150E333-8FDC-42A3-9474-1A3956D46DE8}") = "Semana2", "Semana2", "{1E1B1EA2-525B-4ED0-A6A1-B010D2893DA9}"
EndProject
Project("{9A19103F-16F7-4668-BE54-9A1E7A4F7556}") = "ToDoApp", "Semana2\ToDoApp\ToDoApp.csproj", "{B0A18F61-BDB8-4CEF-B178-D3239E730A5E}"
EndProject
Project("{9A19103F-16F7-4668-BE54-9A1E7A4F7556}") = "Aula2", "Semana2\Aula2\Aula2.csproj", "{422191E2-25A8-4311-8B2E-BD9C023577D9}"
EndProject
Project("{2150E333-8FDC-42A3-9474-1A3956D46DE8}") = "aula_09", "aula_09", "{24BAD77F-8163-4BB4-BF70-F6771A4FEA2C}"
EndProject
Project("{9A19103F-16F7-4668-BE54-9A1E7A4F7556}") = "Domain", "aula_09\Domain\Domain.csproj", "{85A3E557-05BE-4961-BA75-54C1EC44541B}"
EndProject
Project("{9A19103F-16F7-4668-BE54-9A1E7A4F7556}") = "Domain (1)", "aula_09\eDomain\Domain.csproj", "{A5E7E4B5-D78C-4F03-BEEC-8A8F8BE429A6}"
EndProject
Project("{9A19103F-16F7-4668-BE54-9A1E7A4F7556}") = "Aula09", "aula_09\Aula09\Aula09.csproj", "{7E79A6A3-FAC0-45E9-9D9D-16C8E4D96A9B}"
EndProject
Project("{9A19103F-16F7-4668-BE54-9A1E7A4F7556}") = "Infrastructure", "aula_09\Infrastructure\Infrastructure.csproj", "{9BCFCD47-AEE2-4CEC-8ED0-15FDE0A8803A}"
EndProject
Project("{2150E333-8FDC-42A3-9474-1A3956D46DE8}") = "tech_med", "tech_med", "{536141DF-FC69-47F9-AAEC-52262F901451}"
EndProject
Project("{9A19103F-16F7-4668-BE54-9A1E7A4F7556}") = "tech_Med", "tech_med\tech_Med\tech_Med.csproj", "{11B63A48-2375-4AA0-9E48-63544F416672}"
EndProject
Project("{2150E333-8FDC-42A3-9474-1A3956D46DE8}") = "database_Relations", "database_Relations", "{DA076B67-9B82-4415-BE71-172300001DD3}"
EndProject
Project("{9A19103F-16F7-4668-BE54-9A1E7A4F7556}") = "db_Relations", "database_Relations\db_Relations\db_Relations.csproj", "{B907570A-B07F-4C71-B03B-3F597E27C97E}"
EndProject
Project("{2150E333-8FDC-42A3-9474-1A3956D46DE8}") = "Semana3", "Semana3", "{E360DCB6-6D04-4D4F-9102-A5FAC0E11A41}"
EndProject
Project("{9A19103F-16F7-4668-BE54-9A1E7A4F7556}") = "Pratica_P003", "Semana3\Pratica_P003\Pratica_P003.csproj", "{D96ED0EF-6907-42BA-AF66-CE2ED8FFB433}"
EndProject
Project("{9A19103F-16F7-4668-BE54-9A1E7A4F7556}") = "ExemplosAula", "Semana3\ExemplosAula\ExemplosAula.csproj", "{4E7BA530-19A6-463E-92FD-79F0793D5562}"
EndProject
Project("{2150E333-8FDC-42A3-9474-1A3956D46DE8}") = "P006_ResTIConnect", "P006_ResTIConnect", "{6D691BEB-9BE7-4AEA-BF5A-87964AB7BB1C}"
EndProject
Project("{9A19103F-16F7-4668-BE54-9A1E7A4F7556}") = "ResTIConnect.Test", "P006_ResTIConnect\ResTIConnect.Test\ResTIConnect.Test.csproj", "{A97743ED-7D88-46B7-99BB-3552919F78D4}"
EndProject
Project("{9A19103F-16F7-4668-BE54-9A1E7A4F7556}") = "ResTIConnect.Domain", "P006_ResTIConnect\ResTIConnect.Domain\ResTIConnect.Domain.csproj", "{24DEBB22-61EA-4F15-98C4-06E66A3878C2}"
EndProject
Project("{9A19103F-16F7-4668-BE54-9A1E7A4F7556}") = "ResTIConnect.Infrastructure", "P006_ResTIConnect\ResTIConnect.Infrastructure\ResTIConnect.Infrastructure.csproj", "{86DC6EC7-5C37-4215-BC00-B7A8D1D5EED7}"
EndProject
Project("{2150E333-8FDC-42A3-9474-1A3956D46DE8}") = "Semana1", "Semana1", "{0AE1BE74-D811-4603-AF60-81FDAC8F6B63}"
EndProject
Project("{9A19103F-16F7-4668-BE54-9A1E7A4F7556}") = "helloworld", "Semana1\helloworld\helloworld.csproj", "{FEEDA058-4219-4DA9-A29C-1E4127DA81B1}"
EndProject
Project("{9A19103F-16F7-4668-BE54-9A1E7A4F7556}") = "Aula1", "Semana1\Aula1\Aula1.csproj", "{4DACF843-9E71-49B1-9EBD-57936FE26604}"
EndProject
Project("{9A19103F-16F7-4668-BE54-9A1E7A4F7556}") = "P01_Pratica", "Semana1\P01_Pratica\P01_Pratica.csproj", "{971A830A-2895-4DCC-A799-824D96D8AB99}"
EndProject
Project("{2150E333-8FDC-42A3-9474-1A3956D46DE8}") = "WebAPI", "WebAPI", "{DA610C0E-E192-4C1C-9C88-0B769FE78A36}"
EndProject
Project("{9A19103F-16F7-4668-BE54-9A1E7A4F7556}") = "TechMed.WebAPI", "WebAPI\TechMed.WebAPI\TechMed.WebAPI.csproj", "{C159B349-D0CA-45A4-89CF-F54A12BD3C76}"
EndProject
Project("{2150E333-8FDC-42A3-9474-1A3956D46DE8}") = "aula09", "aula09", "{F32E7061-A7FE-4651-BA0A-D80DD9E080F0}"
EndProject
Project("{9A19103F-16F7-4668-BE54-9A1E7A4F7556}") = "aula_09", "aula09\aula_09\aula_09.csproj", "{F7AFB58F-FD3B-490B-84CB-E65D7A552F04}"
EndProject
Project("{2150E333-8FDC-42A3-9474-1A3956D46DE8}") = "openingTime_Exercise", "openingTime_Exercise", "{F23E907A-21D4-4201-A02A-810DB15E9234}"
EndProject
Project("{9A19103F-16F7-4668-BE54-9A1E7A4F7556}") = "TechMed.WebAPI", "openingTime_Exercise\TechMed.WebAPI\TechMed.WebAPI.csproj", "{8B7958FE-7F83-4187-BDDA-C92F11916043}"
EndProject
Project("{2150E333-8FDC-42A3-9474-1A3956D46DE8}") = "Middle", "Middle", "{4033CB9B-19E2-4FF5-84D4-254E5FD83429}"
EndProject
Project("{FAE04EC0-301F-11D3-BF4B-00C04F79EFBC}") = "Middleware_Exercise", "Middle\Middleware_Exercise\Middleware_Exercise.csproj", "{C01BB12E-93A1-40C1-9294-38DC133C6D24}"
EndProject
Project("{2150E333-8FDC-42A3-9474-1A3956D46DE8}") = "AuthValidator_Example", "AuthValidator_Example", "{EC28DCBA-D8FA-45D8-AAAA-0BEE052D7DB6}"
EndProject
Project("{FAE04EC0-301F-11D3-BF4B-00C04F79EFBC}") = "webapiAuthExample", "AuthValidator_Example\webapiAuthExample\webapiAuthExample.csproj", "{F63F478B-62E5-4482-87D6-559B5FBA8424}"
EndProject
Global
	GlobalSection(SolutionConfigurationPlatforms) = preSolution
		Debug|Any CPU = Debug|Any CPU
		Release|Any CPU = Release|Any CPU
	EndGlobalSection
	GlobalSection(ProjectConfigurationPlatforms) = postSolution
		{3A676B71-B5D4-47A1-BB05-3DBCF9714190}.Debug|Any CPU.ActiveCfg = Debug|Any CPU
		{3A676B71-B5D4-47A1-BB05-3DBCF9714190}.Debug|Any CPU.Build.0 = Debug|Any CPU
		{3A676B71-B5D4-47A1-BB05-3DBCF9714190}.Release|Any CPU.ActiveCfg = Release|Any CPU
		{3A676B71-B5D4-47A1-BB05-3DBCF9714190}.Release|Any CPU.Build.0 = Release|Any CPU
		{359FA721-6EDB-4F66-8F5F-543922EB6E81}.Debug|Any CPU.ActiveCfg = Debug|Any CPU
		{359FA721-6EDB-4F66-8F5F-543922EB6E81}.Debug|Any CPU.Build.0 = Debug|Any CPU
		{359FA721-6EDB-4F66-8F5F-543922EB6E81}.Release|Any CPU.ActiveCfg = Release|Any CPU
		{359FA721-6EDB-4F66-8F5F-543922EB6E81}.Release|Any CPU.Build.0 = Release|Any CPU
		{50A7D1CB-6C8D-41D6-945B-4AC19AE105BF}.Debug|Any CPU.ActiveCfg = Debug|Any CPU
		{50A7D1CB-6C8D-41D6-945B-4AC19AE105BF}.Debug|Any CPU.Build.0 = Debug|Any CPU
		{50A7D1CB-6C8D-41D6-945B-4AC19AE105BF}.Release|Any CPU.ActiveCfg = Release|Any CPU
		{50A7D1CB-6C8D-41D6-945B-4AC19AE105BF}.Release|Any CPU.Build.0 = Release|Any CPU
		{1E2FBDAE-1ECA-4DE6-8F29-B774ABB3EA55}.Debug|Any CPU.ActiveCfg = Debug|Any CPU
		{1E2FBDAE-1ECA-4DE6-8F29-B774ABB3EA55}.Debug|Any CPU.Build.0 = Debug|Any CPU
		{1E2FBDAE-1ECA-4DE6-8F29-B774ABB3EA55}.Release|Any CPU.ActiveCfg = Release|Any CPU
		{1E2FBDAE-1ECA-4DE6-8F29-B774ABB3EA55}.Release|Any CPU.Build.0 = Release|Any CPU
		{B0A18F61-BDB8-4CEF-B178-D3239E730A5E}.Debug|Any CPU.ActiveCfg = Debug|Any CPU
		{B0A18F61-BDB8-4CEF-B178-D3239E730A5E}.Debug|Any CPU.Build.0 = Debug|Any CPU
		{B0A18F61-BDB8-4CEF-B178-D3239E730A5E}.Release|Any CPU.ActiveCfg = Release|Any CPU
		{B0A18F61-BDB8-4CEF-B178-D3239E730A5E}.Release|Any CPU.Build.0 = Release|Any CPU
		{422191E2-25A8-4311-8B2E-BD9C023577D9}.Debug|Any CPU.ActiveCfg = Debug|Any CPU
		{422191E2-25A8-4311-8B2E-BD9C023577D9}.Debug|Any CPU.Build.0 = Debug|Any CPU
		{422191E2-25A8-4311-8B2E-BD9C023577D9}.Release|Any CPU.ActiveCfg = Release|Any CPU
		{422191E2-25A8-4311-8B2E-BD9C023577D9}.Release|Any CPU.Build.0 = Release|Any CPU
		{85A3E557-05BE-4961-BA75-54C1EC44541B}.Debug|Any CPU.ActiveCfg = Debug|Any CPU
		{85A3E557-05BE-4961-BA75-54C1EC44541B}.Debug|Any CPU.Build.0 = Debug|Any CPU
		{85A3E557-05BE-4961-BA75-54C1EC44541B}.Release|Any CPU.ActiveCfg = Release|Any CPU
		{85A3E557-05BE-4961-BA75-54C1EC44541B}.Release|Any CPU.Build.0 = Release|Any CPU
		{A5E7E4B5-D78C-4F03-BEEC-8A8F8BE429A6}.Debug|Any CPU.ActiveCfg = Debug|Any CPU
		{A5E7E4B5-D78C-4F03-BEEC-8A8F8BE429A6}.Debug|Any CPU.Build.0 = Debug|Any CPU
		{A5E7E4B5-D78C-4F03-BEEC-8A8F8BE429A6}.Release|Any CPU.ActiveCfg = Release|Any CPU
		{A5E7E4B5-D78C-4F03-BEEC-8A8F8BE429A6}.Release|Any CPU.Build.0 = Release|Any CPU
		{7E79A6A3-FAC0-45E9-9D9D-16C8E4D96A9B}.Debug|Any CPU.ActiveCfg = Debug|Any CPU
		{7E79A6A3-FAC0-45E9-9D9D-16C8E4D96A9B}.Debug|Any CPU.Build.0 = Debug|Any CPU
		{7E79A6A3-FAC0-45E9-9D9D-16C8E4D96A9B}.Release|Any CPU.ActiveCfg = Release|Any CPU
		{7E79A6A3-FAC0-45E9-9D9D-16C8E4D96A9B}.Release|Any CPU.Build.0 = Release|Any CPU
		{9BCFCD47-AEE2-4CEC-8ED0-15FDE0A8803A}.Debug|Any CPU.ActiveCfg = Debug|Any CPU
		{9BCFCD47-AEE2-4CEC-8ED0-15FDE0A8803A}.Debug|Any CPU.Build.0 = Debug|Any CPU
		{9BCFCD47-AEE2-4CEC-8ED0-15FDE0A8803A}.Release|Any CPU.ActiveCfg = Release|Any CPU
		{9BCFCD47-AEE2-4CEC-8ED0-15FDE0A8803A}.Release|Any CPU.Build.0 = Release|Any CPU
		{11B63A48-2375-4AA0-9E48-63544F416672}.Debug|Any CPU.ActiveCfg = Debug|Any CPU
		{11B63A48-2375-4AA0-9E48-63544F416672}.Debug|Any CPU.Build.0 = Debug|Any CPU
		{11B63A48-2375-4AA0-9E48-63544F416672}.Release|Any CPU.ActiveCfg = Release|Any CPU
		{11B63A48-2375-4AA0-9E48-63544F416672}.Release|Any CPU.Build.0 = Release|Any CPU
		{B907570A-B07F-4C71-B03B-3F597E27C97E}.Debug|Any CPU.ActiveCfg = Debug|Any CPU
		{B907570A-B07F-4C71-B03B-3F597E27C97E}.Debug|Any CPU.Build.0 = Debug|Any CPU
		{B907570A-B07F-4C71-B03B-3F597E27C97E}.Release|Any CPU.ActiveCfg = Release|Any CPU
		{B907570A-B07F-4C71-B03B-3F597E27C97E}.Release|Any CPU.Build.0 = Release|Any CPU
		{D96ED0EF-6907-42BA-AF66-CE2ED8FFB433}.Debug|Any CPU.ActiveCfg = Debug|Any CPU
		{D96ED0EF-6907-42BA-AF66-CE2ED8FFB433}.Debug|Any CPU.Build.0 = Debug|Any CPU
		{D96ED0EF-6907-42BA-AF66-CE2ED8FFB433}.Release|Any CPU.ActiveCfg = Release|Any CPU
		{D96ED0EF-6907-42BA-AF66-CE2ED8FFB433}.Release|Any CPU.Build.0 = Release|Any CPU
		{4E7BA530-19A6-463E-92FD-79F0793D5562}.Debug|Any CPU.ActiveCfg = Debug|Any CPU
		{4E7BA530-19A6-463E-92FD-79F0793D5562}.Debug|Any CPU.Build.0 = Debug|Any CPU
		{4E7BA530-19A6-463E-92FD-79F0793D5562}.Release|Any CPU.ActiveCfg = Release|Any CPU
		{4E7BA530-19A6-463E-92FD-79F0793D5562}.Release|Any CPU.Build.0 = Release|Any CPU
		{A97743ED-7D88-46B7-99BB-3552919F78D4}.Debug|Any CPU.ActiveCfg = Debug|Any CPU
		{A97743ED-7D88-46B7-99BB-3552919F78D4}.Debug|Any CPU.Build.0 = Debug|Any CPU
		{A97743ED-7D88-46B7-99BB-3552919F78D4}.Release|Any CPU.ActiveCfg = Release|Any CPU
		{A97743ED-7D88-46B7-99BB-3552919F78D4}.Release|Any CPU.Build.0 = Release|Any CPU
		{24DEBB22-61EA-4F15-98C4-06E66A3878C2}.Debug|Any CPU.ActiveCfg = Debug|Any CPU
		{24DEBB22-61EA-4F15-98C4-06E66A3878C2}.Debug|Any CPU.Build.0 = Debug|Any CPU
		{24DEBB22-61EA-4F15-98C4-06E66A3878C2}.Release|Any CPU.ActiveCfg = Release|Any CPU
		{24DEBB22-61EA-4F15-98C4-06E66A3878C2}.Release|Any CPU.Build.0 = Release|Any CPU
		{86DC6EC7-5C37-4215-BC00-B7A8D1D5EED7}.Debug|Any CPU.ActiveCfg = Debug|Any CPU
		{86DC6EC7-5C37-4215-BC00-B7A8D1D5EED7}.Debug|Any CPU.Build.0 = Debug|Any CPU
		{86DC6EC7-5C37-4215-BC00-B7A8D1D5EED7}.Release|Any CPU.ActiveCfg = Release|Any CPU
		{86DC6EC7-5C37-4215-BC00-B7A8D1D5EED7}.Release|Any CPU.Build.0 = Release|Any CPU
		{FEEDA058-4219-4DA9-A29C-1E4127DA81B1}.Debug|Any CPU.ActiveCfg = Debug|Any CPU
		{FEEDA058-4219-4DA9-A29C-1E4127DA81B1}.Debug|Any CPU.Build.0 = Debug|Any CPU
		{FEEDA058-4219-4DA9-A29C-1E4127DA81B1}.Release|Any CPU.ActiveCfg = Release|Any CPU
		{FEEDA058-4219-4DA9-A29C-1E4127DA81B1}.Release|Any CPU.Build.0 = Release|Any CPU
		{4DACF843-9E71-49B1-9EBD-57936FE26604}.Debug|Any CPU.ActiveCfg = Debug|Any CPU
		{4DACF843-9E71-49B1-9EBD-57936FE26604}.Debug|Any CPU.Build.0 = Debug|Any CPU
		{4DACF843-9E71-49B1-9EBD-57936FE26604}.Release|Any CPU.ActiveCfg = Release|Any CPU
		{4DACF843-9E71-49B1-9EBD-57936FE26604}.Release|Any CPU.Build.0 = Release|Any CPU
		{971A830A-2895-4DCC-A799-824D96D8AB99}.Debug|Any CPU.ActiveCfg = Debug|Any CPU
		{971A830A-2895-4DCC-A799-824D96D8AB99}.Debug|Any CPU.Build.0 = Debug|Any CPU
		{971A830A-2895-4DCC-A799-824D96D8AB99}.Release|Any CPU.ActiveCfg = Release|Any CPU
		{971A830A-2895-4DCC-A799-824D96D8AB99}.Release|Any CPU.Build.0 = Release|Any CPU
		{C159B349-D0CA-45A4-89CF-F54A12BD3C76}.Debug|Any CPU.ActiveCfg = Debug|Any CPU
		{C159B349-D0CA-45A4-89CF-F54A12BD3C76}.Debug|Any CPU.Build.0 = Debug|Any CPU
		{C159B349-D0CA-45A4-89CF-F54A12BD3C76}.Release|Any CPU.ActiveCfg = Release|Any CPU
		{C159B349-D0CA-45A4-89CF-F54A12BD3C76}.Release|Any CPU.Build.0 = Release|Any CPU
		{F7AFB58F-FD3B-490B-84CB-E65D7A552F04}.Debug|Any CPU.ActiveCfg = Debug|Any CPU
		{F7AFB58F-FD3B-490B-84CB-E65D7A552F04}.Debug|Any CPU.Build.0 = Debug|Any CPU
		{F7AFB58F-FD3B-490B-84CB-E65D7A552F04}.Release|Any CPU.ActiveCfg = Release|Any CPU
		{F7AFB58F-FD3B-490B-84CB-E65D7A552F04}.Release|Any CPU.Build.0 = Release|Any CPU
		{8B7958FE-7F83-4187-BDDA-C92F11916043}.Debug|Any CPU.ActiveCfg = Debug|Any CPU
		{8B7958FE-7F83-4187-BDDA-C92F11916043}.Debug|Any CPU.Build.0 = Debug|Any CPU
		{8B7958FE-7F83-4187-BDDA-C92F11916043}.Release|Any CPU.ActiveCfg = Release|Any CPU
		{8B7958FE-7F83-4187-BDDA-C92F11916043}.Release|Any CPU.Build.0 = Release|Any CPU
		{C01BB12E-93A1-40C1-9294-38DC133C6D24}.Debug|Any CPU.ActiveCfg = Debug|Any CPU
		{C01BB12E-93A1-40C1-9294-38DC133C6D24}.Debug|Any CPU.Build.0 = Debug|Any CPU
		{C01BB12E-93A1-40C1-9294-38DC133C6D24}.Release|Any CPU.ActiveCfg = Release|Any CPU
		{C01BB12E-93A1-40C1-9294-38DC133C6D24}.Release|Any CPU.Build.0 = Release|Any CPU
		{F63F478B-62E5-4482-87D6-559B5FBA8424}.Debug|Any CPU.ActiveCfg = Debug|Any CPU
		{F63F478B-62E5-4482-87D6-559B5FBA8424}.Debug|Any CPU.Build.0 = Debug|Any CPU
		{F63F478B-62E5-4482-87D6-559B5FBA8424}.Release|Any CPU.ActiveCfg = Release|Any CPU
		{F63F478B-62E5-4482-87D6-559B5FBA8424}.Release|Any CPU.Build.0 = Release|Any CPU
	EndGlobalSection
	GlobalSection(SolutionProperties) = preSolution
		HideSolutionNode = FALSE
	EndGlobalSection
	GlobalSection(NestedProjects) = preSolution
		{359FA721-6EDB-4F66-8F5F-543922EB6E81} = {9FECFD3E-E7EF-4361-A2ED-30B76C9585DE}
		{50A7D1CB-6C8D-41D6-945B-4AC19AE105BF} = {D2E55D20-7A24-4F94-96F2-ABB0824D819D}
		{1E2FBDAE-1ECA-4DE6-8F29-B774ABB3EA55} = {D2E55D20-7A24-4F94-96F2-ABB0824D819D}
		{B0A18F61-BDB8-4CEF-B178-D3239E730A5E} = {1E1B1EA2-525B-4ED0-A6A1-B010D2893DA9}
		{422191E2-25A8-4311-8B2E-BD9C023577D9} = {1E1B1EA2-525B-4ED0-A6A1-B010D2893DA9}
		{85A3E557-05BE-4961-BA75-54C1EC44541B} = {24BAD77F-8163-4BB4-BF70-F6771A4FEA2C}
		{A5E7E4B5-D78C-4F03-BEEC-8A8F8BE429A6} = {24BAD77F-8163-4BB4-BF70-F6771A4FEA2C}
		{7E79A6A3-FAC0-45E9-9D9D-16C8E4D96A9B} = {24BAD77F-8163-4BB4-BF70-F6771A4FEA2C}
		{9BCFCD47-AEE2-4CEC-8ED0-15FDE0A8803A} = {24BAD77F-8163-4BB4-BF70-F6771A4FEA2C}
		{11B63A48-2375-4AA0-9E48-63544F416672} = {536141DF-FC69-47F9-AAEC-52262F901451}
		{B907570A-B07F-4C71-B03B-3F597E27C97E} = {DA076B67-9B82-4415-BE71-172300001DD3}
		{D96ED0EF-6907-42BA-AF66-CE2ED8FFB433} = {E360DCB6-6D04-4D4F-9102-A5FAC0E11A41}
		{4E7BA530-19A6-463E-92FD-79F0793D5562} = {E360DCB6-6D04-4D4F-9102-A5FAC0E11A41}
		{A97743ED-7D88-46B7-99BB-3552919F78D4} = {6D691BEB-9BE7-4AEA-BF5A-87964AB7BB1C}
		{24DEBB22-61EA-4F15-98C4-06E66A3878C2} = {6D691BEB-9BE7-4AEA-BF5A-87964AB7BB1C}
		{86DC6EC7-5C37-4215-BC00-B7A8D1D5EED7} = {6D691BEB-9BE7-4AEA-BF5A-87964AB7BB1C}
		{FEEDA058-4219-4DA9-A29C-1E4127DA81B1} = {0AE1BE74-D811-4603-AF60-81FDAC8F6B63}
		{4DACF843-9E71-49B1-9EBD-57936FE26604} = {0AE1BE74-D811-4603-AF60-81FDAC8F6B63}
		{971A830A-2895-4DCC-A799-824D96D8AB99} = {0AE1BE74-D811-4603-AF60-81FDAC8F6B63}
		{C159B349-D0CA-45A4-89CF-F54A12BD3C76} = {DA610C0E-E192-4C1C-9C88-0B769FE78A36}
		{F7AFB58F-FD3B-490B-84CB-E65D7A552F04} = {F32E7061-A7FE-4651-BA0A-D80DD9E080F0}
		{8B7958FE-7F83-4187-BDDA-C92F11916043} = {F23E907A-21D4-4201-A02A-810DB15E9234}
		{C01BB12E-93A1-40C1-9294-38DC133C6D24} = {4033CB9B-19E2-4FF5-84D4-254E5FD83429}
		{F63F478B-62E5-4482-87D6-559B5FBA8424} = {EC28DCBA-D8FA-45D8-AAAA-0BEE052D7DB6}
	EndGlobalSection
	GlobalSection(ExtensibilityGlobals) = postSolution
		SolutionGuid = {1799D874-D202-42D5-9456-73E2D5B248EB}
	EndGlobalSection
EndGlobal
